
Microsoft Visual Studio Solution File, Format Version 12.00
# Visual Studio 14
VisualStudioVersion = 14.0.25420.1
MinimumVisualStudioVersion = 10.0.40219.1
Project("{FAE04EC0-301F-11D3-BF4B-00C04F79EFBC}") = "CM.Blog.RS.Test", "CM.Blog.RS.Test\CM.Blog.RS.Test.csproj", "{84B062CB-02F1-4F54-BB30-9A9FC2749080}"
EndProject
Project("{FAE04EC0-301F-11D3-BF4B-00C04F79EFBC}") = "CM.Blog.RS.DWeb", "CM.Blog.RS.DWeb\CM.Blog.RS.DWeb.csproj", "{048C6D1F-B373-4CCB-9AAC-E91813A7540D}"
EndProject
Global
	GlobalSection(SolutionConfigurationPlatforms) = preSolution
		Debug|Any CPU = Debug|Any CPU
		Release|Any CPU = Release|Any CPU
	EndGlobalSection
	GlobalSection(ProjectConfigurationPlatforms) = postSolution
		{84B062CB-02F1-4F54-BB30-9A9FC2749080}.Debug|Any CPU.ActiveCfg = Debug|Any CPU
		{84B062CB-02F1-4F54-BB30-9A9FC2749080}.Debug|Any CPU.Build.0 = Debug|Any CPU
		{84B062CB-02F1-4F54-BB30-9A9FC2749080}.Release|Any CPU.ActiveCfg = Release|Any CPU
		{84B062CB-02F1-4F54-BB30-9A9FC2749080}.Release|Any CPU.Build.0 = Release|Any CPU
		{048C6D1F-B373-4CCB-9AAC-E91813A7540D}.Debug|Any CPU.ActiveCfg = Debug|Any CPU
		{048C6D1F-B373-4CCB-9AAC-E91813A7540D}.Debug|Any CPU.Build.0 = Debug|Any CPU
		{048C6D1F-B373-4CCB-9AAC-E91813A7540D}.Release|Any CPU.ActiveCfg = Release|Any CPU
		{048C6D1F-B373-4CCB-9AAC-E91813A7540D}.Release|Any CPU.Build.0 = Release|Any CPU
	EndGlobalSection
	GlobalSection(SolutionProperties) = preSolution
		HideSolutionNode = FALSE
	EndGlobalSection
EndGlobal
